
Microsoft Visual Studio Solution File, Format Version 12.00
# Visual Studio Version 16
VisualStudioVersion = 16.0.31410.357
MinimumVisualStudioVersion = 10.0.40219.1
Project("{FAE04EC0-301F-11D3-BF4B-00C04F79EFBC}") = "AlbumList", "AlbumList.csproj", "{ECCCF811-3F39-4AB7-AC78-4A600534034D}"
EndProject
Global
	GlobalSection(SolutionConfigurationPlatforms) = preSolution
		Debug|Any CPU = Debug|Any CPU
		Release|Any CPU = Release|Any CPU
	EndGlobalSection
	GlobalSection(ProjectConfigurationPlatforms) = postSolution
		{ECCCF811-3F39-4AB7-AC78-4A600534034D}.Debug|Any CPU.ActiveCfg = Debug|Any CPU
		{ECCCF811-3F39-4AB7-AC78-4A600534034D}.Debug|Any CPU.Build.0 = Debug|Any CPU
		{ECCCF811-3F39-4AB7-AC78-4A600534034D}.Release|Any CPU.ActiveCfg = Release|Any CPU
		{ECCCF811-3F39-4AB7-AC78-4A600534034D}.Release|Any CPU.Build.0 = Release|Any CPU
	EndGlobalSection
	GlobalSection(SolutionProperties) = preSolution
		HideSolutionNode = FALSE
	EndGlobalSection
	GlobalSection(ExtensibilityGlobals) = postSolution
		SolutionGuid = {4D67775E-E387-4F37-B02A-BC33A0A53EC9}
	EndGlobalSection
EndGlobal
